
Microsoft Visual Studio Solution File, Format Version 12.00
# Visual Studio Version 17
VisualStudioVersion = 17.1.32407.343
MinimumVisualStudioVersion = 10.0.40219.1
Project("{FAE04EC0-301F-11D3-BF4B-00C04F79EFBC}") = "ConsoleAppHashIdSalt", "ConsoleAppHashIdSalt\ConsoleAppHashIdSalt.csproj", "{F38434FF-08DA-43BD-AB8E-FCF1034673EA}"
EndProject
Global
	GlobalSection(SolutionConfigurationPlatforms) = preSolution
		Debug|Any CPU = Debug|Any CPU
		Release|Any CPU = Release|Any CPU
	EndGlobalSection
	GlobalSection(ProjectConfigurationPlatforms) = postSolution
		{F38434FF-08DA-43BD-AB8E-FCF1034673EA}.Debug|Any CPU.ActiveCfg = Debug|Any CPU
		{F38434FF-08DA-43BD-AB8E-FCF1034673EA}.Debug|Any CPU.Build.0 = Debug|Any CPU
		{F38434FF-08DA-43BD-AB8E-FCF1034673EA}.Release|Any CPU.ActiveCfg = Release|Any CPU
		{F38434FF-08DA-43BD-AB8E-FCF1034673EA}.Release|Any CPU.Build.0 = Release|Any CPU
	EndGlobalSection
	GlobalSection(SolutionProperties) = preSolution
		HideSolutionNode = FALSE
	EndGlobalSection
	GlobalSection(ExtensibilityGlobals) = postSolution
		SolutionGuid = {975E1724-69BA-4312-AE6D-C7C6452DAEF5}
	EndGlobalSection
EndGlobal
